
Microsoft Visual Studio Solution File, Format Version 12.00
# Visual Studio Version 17
VisualStudioVersion = 17.10.35013.160
MinimumVisualStudioVersion = 10.0.40219.1
Project("{FAE04EC0-301F-11D3-BF4B-00C04F79EFBC}") = "studio_5", "studio_5\studio_5.csproj", "{BF9D85BA-E6B0-47F1-B0C8-1A0C4F568465}"
EndProject
Global
	GlobalSection(SolutionConfigurationPlatforms) = preSolution
		Debug|Any CPU = Debug|Any CPU
		Release|Any CPU = Release|Any CPU
	EndGlobalSection
	GlobalSection(ProjectConfigurationPlatforms) = postSolution
		{BF9D85BA-E6B0-47F1-B0C8-1A0C4F568465}.Debug|Any CPU.ActiveCfg = Debug|Any CPU
		{BF9D85BA-E6B0-47F1-B0C8-1A0C4F568465}.Debug|Any CPU.Build.0 = Debug|Any CPU
		{BF9D85BA-E6B0-47F1-B0C8-1A0C4F568465}.Release|Any CPU.ActiveCfg = Release|Any CPU
		{BF9D85BA-E6B0-47F1-B0C8-1A0C4F568465}.Release|Any CPU.Build.0 = Release|Any CPU
	EndGlobalSection
	GlobalSection(SolutionProperties) = preSolution
		HideSolutionNode = FALSE
	EndGlobalSection
	GlobalSection(ExtensibilityGlobals) = postSolution
		SolutionGuid = {73A4D32A-D8FF-434A-8E8F-BABBADCA20D5}
	EndGlobalSection
EndGlobal
